// !$*UTF8*$!
{
	archiveVersion = 1;
	classes = {
	};
	objectVersion = 46;
	objects = {

/* Begin PBXBuildFile section */
		BD5FC4CA1DB3E826000A0A38 /* CoreGraphics.framework in Frameworks */ = {isa = PBXBuildFile; fileRef = BD5FC4C91DB3E826000A0A38 /* CoreGraphics.framework */; };
		BD8A9EC91DB3E3E80070CF41 /* Main.storyboard in Resources */ = {isa = PBXBuildFile; fileRef = BD8A9EC81DB3E3E80070CF41 /* Main.storyboard */; };
		BD8A9ECC1DB3E4CB0070CF41 /* jiro.jpg in Resources */ = {isa = PBXBuildFile; fileRef = BD8A9ECB1DB3E4CB0070CF41 /* jiro.jpg */; };
		BD98BB1D1DBC5A9700B084CB /* WebP.framework in Frameworks */ = {isa = PBXBuildFile; fileRef = BD98BB1C1DBC5A9700B084CB /* WebP.framework */; };
		BD98BB1E1DBC5A9700B084CB /* WebP.framework in Embed Frameworks */ = {isa = PBXBuildFile; fileRef = BD98BB1C1DBC5A9700B084CB /* WebP.framework */; settings = {ATTRIBUTES = (CodeSignOnCopy, RemoveHeadersOnCopy, ); }; };
		BDEC2D401DB3E0AF004AB3C7 /* AppDelegate.swift in Sources */ = {isa = PBXBuildFile; fileRef = BDEC2D3F1DB3E0AF004AB3C7 /* AppDelegate.swift */; };
		BDEC2D421DB3E0AF004AB3C7 /* ViewController.swift in Sources */ = {isa = PBXBuildFile; fileRef = BDEC2D411DB3E0AF004AB3C7 /* ViewController.swift */; };
		BDEC2D441DB3E0AF004AB3C7 /* Assets.xcassets in Resources */ = {isa = PBXBuildFile; fileRef = BDEC2D431DB3E0AF004AB3C7 /* Assets.xcassets */; };
/* End PBXBuildFile section */

/* Begin PBXCopyFilesBuildPhase section */
		BDEC2D641DB3E21C004AB3C7 /* Embed Frameworks */ = {
			isa = PBXCopyFilesBuildPhase;
			buildActionMask = 2147483647;
			dstPath = "";
			dstSubfolderSpec = 10;
			files = (
				BD98BB1E1DBC5A9700B084CB /* WebP.framework in Embed Frameworks */,
			);
			name = "Embed Frameworks";
			runOnlyForDeploymentPostprocessing = 0;
		};
/* End PBXCopyFilesBuildPhase section */

/* Begin PBXFileReference section */
		BD5FC4C91DB3E826000A0A38 /* CoreGraphics.framework */ = {isa = PBXFileReference; lastKnownFileType = wrapper.framework; name = CoreGraphics.framework; path = System/Library/Frameworks/CoreGraphics.framework; sourceTree = SDKROOT; };
		BD8A9EC81DB3E3E80070CF41 /* Main.storyboard */ = {isa = PBXFileReference; fileEncoding = 4; lastKnownFileType = file.storyboard; path = Main.storyboard; sourceTree = "<group>"; };
		BD8A9ECB1DB3E4CB0070CF41 /* jiro.jpg */ = {isa = PBXFileReference; lastKnownFileType = image.jpeg; path = jiro.jpg; sourceTree = "<group>"; };
		BD98BB1C1DBC5A9700B084CB /* WebP.framework */ = {isa = PBXFileReference; explicitFileType = wrapper.framework; path = WebP.framework; sourceTree = BUILT_PRODUCTS_DIR; };
		BDEC2D3C1DB3E0AF004AB3C7 /* macOS Example.app */ = {isa = PBXFileReference; explicitFileType = wrapper.application; includeInIndex = 0; path = "macOS Example.app"; sourceTree = BUILT_PRODUCTS_DIR; };
		BDEC2D3F1DB3E0AF004AB3C7 /* AppDelegate.swift */ = {isa = PBXFileReference; lastKnownFileType = sourcecode.swift; path = AppDelegate.swift; sourceTree = "<group>"; };
		BDEC2D411DB3E0AF004AB3C7 /* ViewController.swift */ = {isa = PBXFileReference; lastKnownFileType = sourcecode.swift; path = ViewController.swift; sourceTree = "<group>"; };
		BDEC2D431DB3E0AF004AB3C7 /* Assets.xcassets */ = {isa = PBXFileReference; lastKnownFileType = folder.assetcatalog; path = Assets.xcassets; sourceTree = "<group>"; };
		BDEC2D481DB3E0AF004AB3C7 /* Info.plist */ = {isa = PBXFileReference; lastKnownFileType = text.plist.xml; path = Info.plist; sourceTree = "<group>"; };
/* End PBXFileReference section */

/* Begin PBXFrameworksBuildPhase section */
		BDEC2D391DB3E0AF004AB3C7 /* Frameworks */ = {
			isa = PBXFrameworksBuildPhase;
			buildActionMask = 2147483647;
			files = (
				BD98BB1D1DBC5A9700B084CB /* WebP.framework in Frameworks */,
				BD5FC4CA1DB3E826000A0A38 /* CoreGraphics.framework in Frameworks */,
			);
			runOnlyForDeploymentPostprocessing = 0;
		};
/* End PBXFrameworksBuildPhase section */

/* Begin PBXGroup section */
		BD5FC4C81DB3E826000A0A38 /* Frameworks */ = {
			isa = PBXGroup;
			children = (
				BD98BB1C1DBC5A9700B084CB /* WebP.framework */,
				BD5FC4C91DB3E826000A0A38 /* CoreGraphics.framework */,
			);
			name = Frameworks;
			sourceTree = "<group>";
		};
		BD8A9ECA1DB3E4AE0070CF41 /* Resources */ = {
			isa = PBXGroup;
			children = (
				BD8A9ECB1DB3E4CB0070CF41 /* jiro.jpg */,
			);
			name = Resources;
			sourceTree = "<group>";
		};
		BDEC2D331DB3E0AF004AB3C7 = {
			isa = PBXGroup;
			children = (
				BDEC2D3E1DB3E0AF004AB3C7 /* Sources */,
				BD8A9ECA1DB3E4AE0070CF41 /* Resources */,
				BDEC2D3D1DB3E0AF004AB3C7 /* Products */,
				BDEC2D481DB3E0AF004AB3C7 /* Info.plist */,
				BD8A9EC81DB3E3E80070CF41 /* Main.storyboard */,
				BDEC2D431DB3E0AF004AB3C7 /* Assets.xcassets */,
				BD5FC4C81DB3E826000A0A38 /* Frameworks */,
			);
			sourceTree = "<group>";
		};
		BDEC2D3D1DB3E0AF004AB3C7 /* Products */ = {
			isa = PBXGroup;
			children = (
				BDEC2D3C1DB3E0AF004AB3C7 /* macOS Example.app */,
			);
			name = Products;
			sourceTree = "<group>";
		};
		BDEC2D3E1DB3E0AF004AB3C7 /* Sources */ = {
			isa = PBXGroup;
			children = (
				BDEC2D3F1DB3E0AF004AB3C7 /* AppDelegate.swift */,
				BDEC2D411DB3E0AF004AB3C7 /* ViewController.swift */,
			);
			path = Sources;
			sourceTree = "<group>";
		};
/* End PBXGroup section */

/* Begin PBXNativeTarget section */
		BDEC2D3B1DB3E0AF004AB3C7 /* macOS Example */ = {
			isa = PBXNativeTarget;
			buildConfigurationList = BDEC2D4B1DB3E0AF004AB3C7 /* Build configuration list for PBXNativeTarget "macOS Example" */;
			buildPhases = (
				BDEC2D381DB3E0AF004AB3C7 /* Sources */,
				BDEC2D391DB3E0AF004AB3C7 /* Frameworks */,
				BDEC2D3A1DB3E0AF004AB3C7 /* Resources */,
				BDEC2D641DB3E21C004AB3C7 /* Embed Frameworks */,
			);
			buildRules = (
			);
			dependencies = (
			);
			name = "macOS Example";
			productName = "macOS Example";
			productReference = BDEC2D3C1DB3E0AF004AB3C7 /* macOS Example.app */;
			productType = "com.apple.product-type.application";
		};
/* End PBXNativeTarget section */

/* Begin PBXProject section */
		BDEC2D341DB3E0AF004AB3C7 /* Project object */ = {
			isa = PBXProject;
			attributes = {
				LastSwiftUpdateCheck = 0810;
				LastUpgradeCheck = 0820;
				ORGANIZATIONNAME = ainame;
				TargetAttributes = {
					BDEC2D3B1DB3E0AF004AB3C7 = {
						CreatedOnToolsVersion = 8.1;
						DevelopmentTeam = 2Q7H62SFG3;
						ProvisioningStyle = Automatic;
					};
				};
			};
			buildConfigurationList = BDEC2D371DB3E0AF004AB3C7 /* Build configuration list for PBXProject "macOS Example" */;
			compatibilityVersion = "Xcode 3.2";
			developmentRegion = English;
			hasScannedForEncodings = 0;
			knownRegions = (
				en,
				Base,
			);
			mainGroup = BDEC2D331DB3E0AF004AB3C7;
			productRefGroup = BDEC2D3D1DB3E0AF004AB3C7 /* Products */;
			projectDirPath = "";
			projectRoot = "";
			targets = (
				BDEC2D3B1DB3E0AF004AB3C7 /* macOS Example */,
			);
		};
/* End PBXProject section */

/* Begin PBXResourcesBuildPhase section */
		BDEC2D3A1DB3E0AF004AB3C7 /* Resources */ = {
			isa = PBXResourcesBuildPhase;
			buildActionMask = 2147483647;
			files = (
				BDEC2D441DB3E0AF004AB3C7 /* Assets.xcassets in Resources */,
				BD8A9ECC1DB3E4CB0070CF41 /* jiro.jpg in Resources */,
				BD8A9EC91DB3E3E80070CF41 /* Main.storyboard in Resources */,
			);
			runOnlyForDeploymentPostprocessing = 0;
		};
/* End PBXResourcesBuildPhase section */

/* Begin PBXSourcesBuildPhase section */
		BDEC2D381DB3E0AF004AB3C7 /* Sources */ = {
			isa = PBXSourcesBuildPhase;
			buildActionMask = 2147483647;
			files = (
				BDEC2D421DB3E0AF004AB3C7 /* ViewController.swift in Sources */,
				BDEC2D401DB3E0AF004AB3C7 /* AppDelegate.swift in Sources */,
			);
			runOnlyForDeploymentPostprocessing = 0;
		};
/* End PBXSourcesBuildPhase section */

/* Begin XCBuildConfiguration section */
		BDEC2D491DB3E0AF004AB3C7 /* Debug */ = {
			isa = XCBuildConfiguration;
			buildSettings = {
				ALWAYS_SEARCH_USER_PATHS = NO;
				CLANG_ANALYZER_NONNULL = YES;
				CLANG_CXX_LANGUAGE_STANDARD = "gnu++0x";
				CLANG_CXX_LIBRARY = "libc++";
				CLANG_ENABLE_MODULES = YES;
				CLANG_ENABLE_OBJC_ARC = YES;
				CLANG_WARN_BOOL_CONVERSION = YES;
				CLANG_WARN_CONSTANT_CONVERSION = YES;
				CLANG_WARN_DIRECT_OBJC_ISA_USAGE = YES_ERROR;
				CLANG_WARN_DOCUMENTATION_COMMENTS = YES;
				CLANG_WARN_EMPTY_BODY = YES;
				CLANG_WARN_ENUM_CONVERSION = YES;
				CLANG_WARN_INFINITE_RECURSION = YES;
				CLANG_WARN_INT_CONVERSION = YES;
				CLANG_WARN_OBJC_ROOT_CLASS = YES_ERROR;
				CLANG_WARN_SUSPICIOUS_MOVE = YES;
				CLANG_WARN_SUSPICIOUS_MOVES = YES;
				CLANG_WARN_UNREACHABLE_CODE = YES;
				CLANG_WARN__DUPLICATE_METHOD_MATCH = YES;
				CODE_SIGN_IDENTITY = "-";
				COPY_PHASE_STRIP = NO;
				DEBUG_INFORMATION_FORMAT = dwarf;
				ENABLE_STRICT_OBJC_MSGSEND = YES;
				ENABLE_TESTABILITY = YES;
				GCC_C_LANGUAGE_STANDARD = gnu99;
				GCC_DYNAMIC_NO_PIC = NO;
				GCC_NO_COMMON_BLOCKS = YES;
				GCC_OPTIMIZATION_LEVEL = 0;
				GCC_PREPROCESSOR_DEFINITIONS = (
					"DEBUG=1",
					"$(inherited)",
				);
				GCC_WARN_64_TO_32_BIT_CONVERSION = YES;
				GCC_WARN_ABOUT_RETURN_TYPE = YES_ERROR;
				GCC_WARN_UNDECLARED_SELECTOR = YES;
				GCC_WARN_UNINITIALIZED_AUTOS = YES_AGGRESSIVE;
				GCC_WARN_UNUSED_FUNCTION = YES;
				GCC_WARN_UNUSED_VARIABLE = YES;
				MACOSX_DEPLOYMENT_TARGET = 10.12;
				MTL_ENABLE_DEBUG_INFO = YES;
				ONLY_ACTIVE_ARCH = YES;
				SDKROOT = macosx;
				SWIFT_ACTIVE_COMPILATION_CONDITIONS = DEBUG;
				SWIFT_OPTIMIZATION_LEVEL = "-Onone";
			};
			name = Debug;
		};
		BDEC2D4A1DB3E0AF004AB3C7 /* Release */ = {
			isa = XCBuildConfiguration;
			buildSettings = {
				ALWAYS_SEARCH_USER_PATHS = NO;
				CLANG_ANALYZER_NONNULL = YES;
				CLANG_CXX_LANGUAGE_STANDARD = "gnu++0x";
				CLANG_CXX_LIBRARY = "libc++";
				CLANG_ENABLE_MODULES = YES;
				CLANG_ENABLE_OBJC_ARC = YES;
				CLANG_WARN_BOOL_CONVERSION = YES;
				CLANG_WARN_CONSTANT_CONVERSION = YES;
				CLANG_WARN_DIRECT_OBJC_ISA_USAGE = YES_ERROR;
				CLANG_WARN_DOCUMENTATION_COMMENTS = YES;
				CLANG_WARN_EMPTY_BODY = YES;
				CLANG_WARN_ENUM_CONVERSION = YES;
				CLANG_WARN_INFINITE_RECURSION = YES;
				CLANG_WARN_INT_CONVERSION = YES;
				CLANG_WARN_OBJC_ROOT_CLASS = YES_ERROR;
				CLANG_WARN_SUSPICIOUS_MOVE = YES;
				CLANG_WARN_SUSPICIOUS_MOVES = YES;
				CLANG_WARN_UNREACHABLE_CODE = YES;
				CLANG_WARN__DUPLICATE_METHOD_MATCH = YES;
				CODE_SIGN_IDENTITY = "-";
				COPY_PHASE_STRIP = NO;
				DEBUG_INFORMATION_FORMAT = "dwarf-with-dsym";
				ENABLE_NS_ASSERTIONS = NO;
				ENABLE_STRICT_OBJC_MSGSEND = YES;
				GCC_C_LANGUAGE_STANDARD = gnu99;
				GCC_NO_COMMON_BLOCKS = YES;
				GCC_WARN_64_TO_32_BIT_CONVERSION = YES;
				GCC_WARN_ABOUT_RETURN_TYPE = YES_ERROR;
				GCC_WARN_UNDECLARED_SELECTOR = YES;
				GCC_WARN_UNINITIALIZED_AUTOS = YES_AGGRESSIVE;
				GCC_WARN_UNUSED_FUNCTION = YES;
				GCC_WARN_UNUSED_VARIABLE = YES;
				MACOSX_DEPLOYMENT_TARGET = 10.12;
				MTL_ENABLE_DEBUG_INFO = NO;
				SDKROOT = macosx;
				SWIFT_OPTIMIZATION_LEVEL = "-Owholemodule";
			};
			name = Release;
		};
		BDEC2D4C1DB3E0AF004AB3C7 /* Debug */ = {
			isa = XCBuildConfiguration;
			buildSettings = {
				ASSETCATALOG_COMPILER_APPICON_NAME = AppIcon;
				CODE_SIGN_IDENTITY = "Mac Developer";
				COMBINE_HIDPI_IMAGES = YES;
				DEVELOPMENT_TEAM = 2Q7H62SFG3;
				HEADER_SEARCH_PATHS = /usr/local/include;
				INFOPLIST_FILE = Info.plist;
				LD_RUNPATH_SEARCH_PATHS = "$(inherited) @executable_path/Frameworks @executable_path/../Frameworks";
				LIBRARY_SEARCH_PATHS = /usr/local/lib;
				MACOSX_DEPLOYMENT_TARGET = 10.12;
				PRODUCT_BUNDLE_IDENTIFIER = "me.ainam.macOS-Example";
				PRODUCT_NAME = "$(TARGET_NAME)";
				SWIFT_VERSION = 3.0;
			};
			name = Debug;
		};
		BDEC2D4D1DB3E0AF004AB3C7 /* Release */ = {
			isa = XCBuildConfiguration;
			buildSettings = {
				ASSETCATALOG_COMPILER_APPICON_NAME = AppIcon;
				CODE_SIGN_IDENTITY = "Mac Developer";
				COMBINE_HIDPI_IMAGES = YES;
				DEVELOPMENT_TEAM = 2Q7H62SFG3;
				HEADER_SEARCH_PATHS = /usr/local/include;
				INFOPLIST_FILE = Info.plist;
				LD_RUNPATH_SEARCH_PATHS = "$(inherited) @executable_path/Frameworks @executable_path/../Frameworks";
				LIBRARY_SEARCH_PATHS = /usr/local/lib;
				MACOSX_DEPLOYMENT_TARGET = 10.12;
				PRODUCT_BUNDLE_IDENTIFIER = "me.ainam.macOS-Example";
				PRODUCT_NAME = "$(TARGET_NAME)";
				SWIFT_VERSION = 3.0;
			};
			name = Release;
		};
/* End XCBuildConfiguration section */

/* Begin XCConfigurationList section */
		BDEC2D371DB3E0AF004AB3C7 /* Build configuration list for PBXProject "macOS Example" */ = {
			isa = XCConfigurationList;
			buildConfigurations = (
				BDEC2D491DB3E0AF004AB3C7 /* Debug */,
				BDEC2D4A1DB3E0AF004AB3C7 /* Release */,
			);
			defaultConfigurationIsVisible = 0;
			defaultConfigurationName = Release;
		};
		BDEC2D4B1DB3E0AF004AB3C7 /* Build configuration list for PBXNativeTarget "macOS Example" */ = {
			isa = XCConfigurationList;
			buildConfigurations = (
				BDEC2D4C1DB3E0AF004AB3C7 /* Debug */,
				BDEC2D4D1DB3E0AF004AB3C7 /* Release */,
			);
			defaultConfigurationIsVisible = 0;
			defaultConfigurationName = Release;
		};
/* End XCConfigurationList section */
	};
	rootObject = BDEC2D341DB3E0AF004AB3C7 /* Project object */;
}
