{
  "originHash" : "f2bcc02bd306b65d02fa3c4b979176e919d032d12c12c6fce4eb6a26b57cd203",
  "pins" : [
    {
      "identity" : "libwebp-xcode",
      "kind" : "remoteSourceControl",
      "location" : "https://github.com/SDWebImage/libwebp-Xcode.git",
      "state" : {
        "revision" : "b2b1d20a90b14d11f6ef4241da6b81c1d3f171e4",
        "version" : "1.3.2"
      }
    }
  ],
  "version" : 3
}
