{
  "originHash" : "f2bcc02bd306b65d02fa3c4b979176e919d032d12c12c6fce4eb6a26b57cd203",
  "pins" : [
    {
      "identity" : "libwebp-xcode",
      "kind" : "remoteSourceControl",
      "location" : "https://github.com/SDWebImage/libwebp-Xcode.git",
      "state" : {
        "revision" : "0d60654eeefd5d7d2bef3835804892c40225e8b2",
        "version" : "1.5.0"
      }
    }
  ],
  "version" : 3
}
